// !$*UTF8*$!
{
	archiveVersion = 1;
	classes = {
	};
	objectVersion = 46;
	objects = {

/* Begin PBXBuildFile section */
		110E370B1EC52B7E00314A89 /* AppDelegate.swift in Sources */ = {isa = PBXBuildFile; fileRef = 110E370A1EC52B7E00314A89 /* AppDelegate.swift */; };
		110E370D1EC52B7E00314A89 /* ViewController.swift in Sources */ = {isa = PBXBuildFile; fileRef = 110E370C1EC52B7E00314A89 /* ViewController.swift */; };
		110E37101EC52B7E00314A89 /* Main.storyboard in Resources */ = {isa = PBXBuildFile; fileRef = 110E370E1EC52B7E00314A89 /* Main.storyboard */; };
		110E37121EC52B7F00314A89 /* Assets.xcassets in Resources */ = {isa = PBXBuildFile; fileRef = 110E37111EC52B7E00314A89 /* Assets.xcassets */; };
		110E37151EC52B7F00314A89 /* LaunchScreen.storyboard in Resources */ = {isa = PBXBuildFile; fileRef = 110E37131EC52B7F00314A89 /* LaunchScreen.storyboard */; };
		110E37201EC52B7F00314A89 /* cold_call_2Tests.swift in Sources */ = {isa = PBXBuildFile; fileRef = 110E371F1EC52B7F00314A89 /* cold_call_2Tests.swift */; };
		110E372B1EC52B7F00314A89 /* cold_call_2UITests.swift in Sources */ = {isa = PBXBuildFile; fileRef = 110E372A1EC52B7F00314A89 /* cold_call_2UITests.swift */; };
/* End PBXBuildFile section */

/* Begin PBXContainerItemProxy section */
		110E371C1EC52B7F00314A89 /* PBXContainerItemProxy */ = {
			isa = PBXContainerItemProxy;
			containerPortal = 110E36FF1EC52B7E00314A89 /* Project object */;
			proxyType = 1;
			remoteGlobalIDString = 110E37061EC52B7E00314A89;
			remoteInfo = cold_call_2;
		};
		110E37271EC52B7F00314A89 /* PBXContainerItemProxy */ = {
			isa = PBXContainerItemProxy;
			containerPortal = 110E36FF1EC52B7E00314A89 /* Project object */;
			proxyType = 1;
			remoteGlobalIDString = 110E37061EC52B7E00314A89;
			remoteInfo = cold_call_2;
		};
/* End PBXContainerItemProxy section */

/* Begin PBXFileReference section */
		110E37071EC52B7E00314A89 /* cold_call_2.app */ = {isa = PBXFileReference; explicitFileType = wrapper.application; includeInIndex = 0; path = cold_call_2.app; sourceTree = BUILT_PRODUCTS_DIR; };
		110E370A1EC52B7E00314A89 /* AppDelegate.swift */ = {isa = PBXFileReference; lastKnownFileType = sourcecode.swift; path = AppDelegate.swift; sourceTree = "<group>"; };
		110E370C1EC52B7E00314A89 /* ViewController.swift */ = {isa = PBXFileReference; lastKnownFileType = sourcecode.swift; path = ViewController.swift; sourceTree = "<group>"; };
		110E370F1EC52B7E00314A89 /* Base */ = {isa = PBXFileReference; lastKnownFileType = file.storyboard; name = Base; path = Base.lproj/Main.storyboard; sourceTree = "<group>"; };
		110E37111EC52B7E00314A89 /* Assets.xcassets */ = {isa = PBXFileReference; lastKnownFileType = folder.assetcatalog; path = Assets.xcassets; sourceTree = "<group>"; };
		110E37141EC52B7F00314A89 /* Base */ = {isa = PBXFileReference; lastKnownFileType = file.storyboard; name = Base; path = Base.lproj/LaunchScreen.storyboard; sourceTree = "<group>"; };
		110E37161EC52B7F00314A89 /* Info.plist */ = {isa = PBXFileReference; lastKnownFileType = text.plist.xml; path = Info.plist; sourceTree = "<group>"; };
		110E371B1EC52B7F00314A89 /* cold_call_2Tests.xctest */ = {isa = PBXFileReference; explicitFileType = wrapper.cfbundle; includeInIndex = 0; path = cold_call_2Tests.xctest; sourceTree = BUILT_PRODUCTS_DIR; };
		110E371F1EC52B7F00314A89 /* cold_call_2Tests.swift */ = {isa = PBXFileReference; lastKnownFileType = sourcecode.swift; path = cold_call_2Tests.swift; sourceTree = "<group>"; };
		110E37211EC52B7F00314A89 /* Info.plist */ = {isa = PBXFileReference; lastKnownFileType = text.plist.xml; path = Info.plist; sourceTree = "<group>"; };
		110E37261EC52B7F00314A89 /* cold_call_2UITests.xctest */ = {isa = PBXFileReference; explicitFileType = wrapper.cfbundle; includeInIndex = 0; path = cold_call_2UITests.xctest; sourceTree = BUILT_PRODUCTS_DIR; };
		110E372A1EC52B7F00314A89 /* cold_call_2UITests.swift */ = {isa = PBXFileReference; lastKnownFileType = sourcecode.swift; path = cold_call_2UITests.swift; sourceTree = "<group>"; };
		110E372C1EC52B7F00314A89 /* Info.plist */ = {isa = PBXFileReference; lastKnownFileType = text.plist.xml; path = Info.plist; sourceTree = "<group>"; };
/* End PBXFileReference section */

/* Begin PBXFrameworksBuildPhase section */
		110E37041EC52B7E00314A89 /* Frameworks */ = {
			isa = PBXFrameworksBuildPhase;
			buildActionMask = 2147483647;
			files = (
			);
			runOnlyForDeploymentPostprocessing = 0;
		};
		110E37181EC52B7F00314A89 /* Frameworks */ = {
			isa = PBXFrameworksBuildPhase;
			buildActionMask = 2147483647;
			files = (
			);
			runOnlyForDeploymentPostprocessing = 0;
		};
		110E37231EC52B7F00314A89 /* Frameworks */ = {
			isa = PBXFrameworksBuildPhase;
			buildActionMask = 2147483647;
			files = (
			);
			runOnlyForDeploymentPostprocessing = 0;
		};
/* End PBXFrameworksBuildPhase section */

/* Begin PBXGroup section */
		110E36FE1EC52B7E00314A89 = {
			isa = PBXGroup;
			children = (
				110E37091EC52B7E00314A89 /* cold_call_2 */,
				110E371E1EC52B7F00314A89 /* cold_call_2Tests */,
				110E37291EC52B7F00314A89 /* cold_call_2UITests */,
				110E37081EC52B7E00314A89 /* Products */,
			);
			sourceTree = "<group>";
		};
		110E37081EC52B7E00314A89 /* Products */ = {
			isa = PBXGroup;
			children = (
				110E37071EC52B7E00314A89 /* cold_call_2.app */,
				110E371B1EC52B7F00314A89 /* cold_call_2Tests.xctest */,
				110E37261EC52B7F00314A89 /* cold_call_2UITests.xctest */,
			);
			name = Products;
			sourceTree = "<group>";
		};
		110E37091EC52B7E00314A89 /* cold_call_2 */ = {
			isa = PBXGroup;
			children = (
				110E370A1EC52B7E00314A89 /* AppDelegate.swift */,
				110E370C1EC52B7E00314A89 /* ViewController.swift */,
				110E370E1EC52B7E00314A89 /* Main.storyboard */,
				110E37111EC52B7E00314A89 /* Assets.xcassets */,
				110E37131EC52B7F00314A89 /* LaunchScreen.storyboard */,
				110E37161EC52B7F00314A89 /* Info.plist */,
			);
			path = cold_call_2;
			sourceTree = "<group>";
		};
		110E371E1EC52B7F00314A89 /* cold_call_2Tests */ = {
			isa = PBXGroup;
			children = (
				110E371F1EC52B7F00314A89 /* cold_call_2Tests.swift */,
				110E37211EC52B7F00314A89 /* Info.plist */,
			);
			path = cold_call_2Tests;
			sourceTree = "<group>";
		};
		110E37291EC52B7F00314A89 /* cold_call_2UITests */ = {
			isa = PBXGroup;
			children = (
				110E372A1EC52B7F00314A89 /* cold_call_2UITests.swift */,
				110E372C1EC52B7F00314A89 /* Info.plist */,
			);
			path = cold_call_2UITests;
			sourceTree = "<group>";
		};
/* End PBXGroup section */

/* Begin PBXNativeTarget section */
		110E37061EC52B7E00314A89 /* cold_call_2 */ = {
			isa = PBXNativeTarget;
			buildConfigurationList = 110E372F1EC52B7F00314A89 /* Build configuration list for PBXNativeTarget "cold_call_2" */;
			buildPhases = (
				110E37031EC52B7E00314A89 /* Sources */,
				110E37041EC52B7E00314A89 /* Frameworks */,
				110E37051EC52B7E00314A89 /* Resources */,
			);
			buildRules = (
			);
			dependencies = (
			);
			name = cold_call_2;
			productName = cold_call_2;
			productReference = 110E37071EC52B7E00314A89 /* cold_call_2.app */;
			productType = "com.apple.product-type.application";
		};
		110E371A1EC52B7F00314A89 /* cold_call_2Tests */ = {
			isa = PBXNativeTarget;
			buildConfigurationList = 110E37321EC52B7F00314A89 /* Build configuration list for PBXNativeTarget "cold_call_2Tests" */;
			buildPhases = (
				110E37171EC52B7F00314A89 /* Sources */,
				110E37181EC52B7F00314A89 /* Frameworks */,
				110E37191EC52B7F00314A89 /* Resources */,
			);
			buildRules = (
			);
			dependencies = (
				110E371D1EC52B7F00314A89 /* PBXTargetDependency */,
			);
			name = cold_call_2Tests;
			productName = cold_call_2Tests;
			productReference = 110E371B1EC52B7F00314A89 /* cold_call_2Tests.xctest */;
			productType = "com.apple.product-type.bundle.unit-test";
		};
		110E37251EC52B7F00314A89 /* cold_call_2UITests */ = {
			isa = PBXNativeTarget;
			buildConfigurationList = 110E37351EC52B7F00314A89 /* Build configuration list for PBXNativeTarget "cold_call_2UITests" */;
			buildPhases = (
				110E37221EC52B7F00314A89 /* Sources */,
				110E37231EC52B7F00314A89 /* Frameworks */,
				110E37241EC52B7F00314A89 /* Resources */,
			);
			buildRules = (
			);
			dependencies = (
				110E37281EC52B7F00314A89 /* PBXTargetDependency */,
			);
			name = cold_call_2UITests;
			productName = cold_call_2UITests;
			productReference = 110E37261EC52B7F00314A89 /* cold_call_2UITests.xctest */;
			productType = "com.apple.product-type.bundle.ui-testing";
		};
/* End PBXNativeTarget section */

/* Begin PBXProject section */
		110E36FF1EC52B7E00314A89 /* Project object */ = {
			isa = PBXProject;
			attributes = {
				LastSwiftUpdateCheck = 0830;
				LastUpgradeCheck = 0830;
				ORGANIZATIONNAME = "Marvin Alganes";
				TargetAttributes = {
					110E37061EC52B7E00314A89 = {
						CreatedOnToolsVersion = 8.3.2;
						ProvisioningStyle = Automatic;
					};
					110E371A1EC52B7F00314A89 = {
						CreatedOnToolsVersion = 8.3.2;
						ProvisioningStyle = Automatic;
						TestTargetID = 110E37061EC52B7E00314A89;
					};
					110E37251EC52B7F00314A89 = {
						CreatedOnToolsVersion = 8.3.2;
						ProvisioningStyle = Automatic;
						TestTargetID = 110E37061EC52B7E00314A89;
					};
				};
			};
			buildConfigurationList = 110E37021EC52B7E00314A89 /* Build configuration list for PBXProject "cold_call_2" */;
			compatibilityVersion = "Xcode 3.2";
			developmentRegion = English;
			hasScannedForEncodings = 0;
			knownRegions = (
				en,
				Base,
			);
			mainGroup = 110E36FE1EC52B7E00314A89;
			productRefGroup = 110E37081EC52B7E00314A89 /* Products */;
			projectDirPath = "";
			projectRoot = "";
			targets = (
				110E37061EC52B7E00314A89 /* cold_call_2 */,
				110E371A1EC52B7F00314A89 /* cold_call_2Tests */,
				110E37251EC52B7F00314A89 /* cold_call_2UITests */,
			);
		};
/* End PBXProject section */

/* Begin PBXResourcesBuildPhase section */
		110E37051EC52B7E00314A89 /* Resources */ = {
			isa = PBXResourcesBuildPhase;
			buildActionMask = 2147483647;
			files = (
				110E37151EC52B7F00314A89 /* LaunchScreen.storyboard in Resources */,
				110E37121EC52B7F00314A89 /* Assets.xcassets in Resources */,
				110E37101EC52B7E00314A89 /* Main.storyboard in Resources */,
			);
			runOnlyForDeploymentPostprocessing = 0;
		};
		110E37191EC52B7F00314A89 /* Resources */ = {
			isa = PBXResourcesBuildPhase;
			buildActionMask = 2147483647;
			files = (
			);
			runOnlyForDeploymentPostprocessing = 0;
		};
		110E37241EC52B7F00314A89 /* Resources */ = {
			isa = PBXResourcesBuildPhase;
			buildActionMask = 2147483647;
			files = (
			);
			runOnlyForDeploymentPostprocessing = 0;
		};
/* End PBXResourcesBuildPhase section */

/* Begin PBXSourcesBuildPhase section */
		110E37031EC52B7E00314A89 /* Sources */ = {
			isa = PBXSourcesBuildPhase;
			buildActionMask = 2147483647;
			files = (
				110E370D1EC52B7E00314A89 /* ViewController.swift in Sources */,
				110E370B1EC52B7E00314A89 /* AppDelegate.swift in Sources */,
			);
			runOnlyForDeploymentPostprocessing = 0;
		};
		110E37171EC52B7F00314A89 /* Sources */ = {
			isa = PBXSourcesBuildPhase;
			buildActionMask = 2147483647;
			files = (
				110E37201EC52B7F00314A89 /* cold_call_2Tests.swift in Sources */,
			);
			runOnlyForDeploymentPostprocessing = 0;
		};
		110E37221EC52B7F00314A89 /* Sources */ = {
			isa = PBXSourcesBuildPhase;
			buildActionMask = 2147483647;
			files = (
				110E372B1EC52B7F00314A89 /* cold_call_2UITests.swift in Sources */,
			);
			runOnlyForDeploymentPostprocessing = 0;
		};
/* End PBXSourcesBuildPhase section */

/* Begin PBXTargetDependency section */
		110E371D1EC52B7F00314A89 /* PBXTargetDependency */ = {
			isa = PBXTargetDependency;
			target = 110E37061EC52B7E00314A89 /* cold_call_2 */;
			targetProxy = 110E371C1EC52B7F00314A89 /* PBXContainerItemProxy */;
		};
		110E37281EC52B7F00314A89 /* PBXTargetDependency */ = {
			isa = PBXTargetDependency;
			target = 110E37061EC52B7E00314A89 /* cold_call_2 */;
			targetProxy = 110E37271EC52B7F00314A89 /* PBXContainerItemProxy */;
		};
/* End PBXTargetDependency section */

/* Begin PBXVariantGroup section */
		110E370E1EC52B7E00314A89 /* Main.storyboard */ = {
			isa = PBXVariantGroup;
			children = (
				110E370F1EC52B7E00314A89 /* Base */,
			);
			name = Main.storyboard;
			sourceTree = "<group>";
		};
		110E37131EC52B7F00314A89 /* LaunchScreen.storyboard */ = {
			isa = PBXVariantGroup;
			children = (
				110E37141EC52B7F00314A89 /* Base */,
			);
			name = LaunchScreen.storyboard;
			sourceTree = "<group>";
		};
/* End PBXVariantGroup section */

/* Begin XCBuildConfiguration section */
		110E372D1EC52B7F00314A89 /* Debug */ = {
			isa = XCBuildConfiguration;
			buildSettings = {
				ALWAYS_SEARCH_USER_PATHS = NO;
				CLANG_ANALYZER_NONNULL = YES;
				CLANG_ANALYZER_NUMBER_OBJECT_CONVERSION = YES_AGGRESSIVE;
				CLANG_CXX_LANGUAGE_STANDARD = "gnu++0x";
				CLANG_CXX_LIBRARY = "libc++";
				CLANG_ENABLE_MODULES = YES;
				CLANG_ENABLE_OBJC_ARC = YES;
				CLANG_WARN_BOOL_CONVERSION = YES;
				CLANG_WARN_CONSTANT_CONVERSION = YES;
				CLANG_WARN_DIRECT_OBJC_ISA_USAGE = YES_ERROR;
				CLANG_WARN_DOCUMENTATION_COMMENTS = YES;
				CLANG_WARN_EMPTY_BODY = YES;
				CLANG_WARN_ENUM_CONVERSION = YES;
				CLANG_WARN_INFINITE_RECURSION = YES;
				CLANG_WARN_INT_CONVERSION = YES;
				CLANG_WARN_OBJC_ROOT_CLASS = YES_ERROR;
				CLANG_WARN_SUSPICIOUS_MOVE = YES;
				CLANG_WARN_UNREACHABLE_CODE = YES;
				CLANG_WARN__DUPLICATE_METHOD_MATCH = YES;
				"CODE_SIGN_IDENTITY[sdk=iphoneos*]" = "iPhone Developer";
				COPY_PHASE_STRIP = NO;
				DEBUG_INFORMATION_FORMAT = dwarf;
				ENABLE_STRICT_OBJC_MSGSEND = YES;
				ENABLE_TESTABILITY = YES;
				GCC_C_LANGUAGE_STANDARD = gnu99;
				GCC_DYNAMIC_NO_PIC = NO;
				GCC_NO_COMMON_BLOCKS = YES;
				GCC_OPTIMIZATION_LEVEL = 0;
				GCC_PREPROCESSOR_DEFINITIONS = (
					"DEBUG=1",
					"$(inherited)",
				);
				GCC_WARN_64_TO_32_BIT_CONVERSION = YES;
				GCC_WARN_ABOUT_RETURN_TYPE = YES_ERROR;
				GCC_WARN_UNDECLARED_SELECTOR = YES;
				GCC_WARN_UNINITIALIZED_AUTOS = YES_AGGRESSIVE;
				GCC_WARN_UNUSED_FUNCTION = YES;
				GCC_WARN_UNUSED_VARIABLE = YES;
				IPHONEOS_DEPLOYMENT_TARGET = 10.3;
				MTL_ENABLE_DEBUG_INFO = YES;
				ONLY_ACTIVE_ARCH = YES;
				SDKROOT = iphoneos;
				SWIFT_ACTIVE_COMPILATION_CONDITIONS = DEBUG;
				SWIFT_OPTIMIZATION_LEVEL = "-Onone";
				TARGETED_DEVICE_FAMILY = "1,2";
			};
			name = Debug;
		};
		110E372E1EC52B7F00314A89 /* Release */ = {
			isa = XCBuildConfiguration;
			buildSettings = {
				ALWAYS_SEARCH_USER_PATHS = NO;
				CLANG_ANALYZER_NONNULL = YES;
				CLANG_ANALYZER_NUMBER_OBJECT_CONVERSION = YES_AGGRESSIVE;
				CLANG_CXX_LANGUAGE_STANDARD = "gnu++0x";
				CLANG_CXX_LIBRARY = "libc++";
				CLANG_ENABLE_MODULES = YES;
				CLANG_ENABLE_OBJC_ARC = YES;
				CLANG_WARN_BOOL_CONVERSION = YES;
				CLANG_WARN_CONSTANT_CONVERSION = YES;
				CLANG_WARN_DIRECT_OBJC_ISA_USAGE = YES_ERROR;
				CLANG_WARN_DOCUMENTATION_COMMENTS = YES;
				CLANG_WARN_EMPTY_BODY = YES;
				CLANG_WARN_ENUM_CONVERSION = YES;
				CLANG_WARN_INFINITE_RECURSION = YES;
				CLANG_WARN_INT_CONVERSION = YES;
				CLANG_WARN_OBJC_ROOT_CLASS = YES_ERROR;
				CLANG_WARN_SUSPICIOUS_MOVE = YES;
				CLANG_WARN_UNREACHABLE_CODE = YES;
				CLANG_WARN__DUPLICATE_METHOD_MATCH = YES;
				"CODE_SIGN_IDENTITY[sdk=iphoneos*]" = "iPhone Developer";
				COPY_PHASE_STRIP = NO;
				DEBUG_INFORMATION_FORMAT = "dwarf-with-dsym";
				ENABLE_NS_ASSERTIONS = NO;
				ENABLE_STRICT_OBJC_MSGSEND = YES;
				GCC_C_LANGUAGE_STANDARD = gnu99;
				GCC_NO_COMMON_BLOCKS = YES;
				GCC_WARN_64_TO_32_BIT_CONVERSION = YES;
				GCC_WARN_ABOUT_RETURN_TYPE = YES_ERROR;
				GCC_WARN_UNDECLARED_SELECTOR = YES;
				GCC_WARN_UNINITIALIZED_AUTOS = YES_AGGRESSIVE;
				GCC_WARN_UNUSED_FUNCTION = YES;
				GCC_WARN_UNUSED_VARIABLE = YES;
				IPHONEOS_DEPLOYMENT_TARGET = 10.3;
				MTL_ENABLE_DEBUG_INFO = NO;
				SDKROOT = iphoneos;
				SWIFT_OPTIMIZATION_LEVEL = "-Owholemodule";
				TARGETED_DEVICE_FAMILY = "1,2";
				VALIDATE_PRODUCT = YES;
			};
			name = Release;
		};
		110E37301EC52B7F00314A89 /* Debug */ = {
			isa = XCBuildConfiguration;
			buildSettings = {
				ASSETCATALOG_COMPILER_APPICON_NAME = AppIcon;
				INFOPLIST_FILE = cold_call_2/Info.plist;
				LD_RUNPATH_SEARCH_PATHS = "$(inherited) @executable_path/Frameworks";
				PRODUCT_BUNDLE_IDENTIFIER = "com.sample.cold-call-2";
				PRODUCT_NAME = "$(TARGET_NAME)";
				SWIFT_VERSION = 3.0;
			};
			name = Debug;
		};
		110E37311EC52B7F00314A89 /* Release */ = {
			isa = XCBuildConfiguration;
			buildSettings = {
				ASSETCATALOG_COMPILER_APPICON_NAME = AppIcon;
				INFOPLIST_FILE = cold_call_2/Info.plist;
				LD_RUNPATH_SEARCH_PATHS = "$(inherited) @executable_path/Frameworks";
				PRODUCT_BUNDLE_IDENTIFIER = "com.sample.cold-call-2";
				PRODUCT_NAME = "$(TARGET_NAME)";
				SWIFT_VERSION = 3.0;
			};
			name = Release;
		};
		110E37331EC52B7F00314A89 /* Debug */ = {
			isa = XCBuildConfiguration;
			buildSettings = {
				ALWAYS_EMBED_SWIFT_STANDARD_LIBRARIES = YES;
				BUNDLE_LOADER = "$(TEST_HOST)";
				INFOPLIST_FILE = cold_call_2Tests/Info.plist;
				LD_RUNPATH_SEARCH_PATHS = "$(inherited) @executable_path/Frameworks @loader_path/Frameworks";
				PRODUCT_BUNDLE_IDENTIFIER = "com.sample.cold-call-2Tests";
				PRODUCT_NAME = "$(TARGET_NAME)";
				SWIFT_VERSION = 3.0;
				TEST_HOST = "$(BUILT_PRODUCTS_DIR)/cold_call_2.app/cold_call_2";
			};
			name = Debug;
		};
		110E37341EC52B7F00314A89 /* Release */ = {
			isa = XCBuildConfiguration;
			buildSettings = {
				ALWAYS_EMBED_SWIFT_STANDARD_LIBRARIES = YES;
				BUNDLE_LOADER = "$(TEST_HOST)";
				INFOPLIST_FILE = cold_call_2Tests/Info.plist;
				LD_RUNPATH_SEARCH_PATHS = "$(inherited) @executable_path/Frameworks @loader_path/Frameworks";
				PRODUCT_BUNDLE_IDENTIFIER = "com.sample.cold-call-2Tests";
				PRODUCT_NAME = "$(TARGET_NAME)";
				SWIFT_VERSION = 3.0;
				TEST_HOST = "$(BUILT_PRODUCTS_DIR)/cold_call_2.app/cold_call_2";
			};
			name = Release;
		};
		110E37361EC52B7F00314A89 /* Debug */ = {
			isa = XCBuildConfiguration;
			buildSettings = {
				ALWAYS_EMBED_SWIFT_STANDARD_LIBRARIES = YES;
				INFOPLIST_FILE = cold_call_2UITests/Info.plist;
				LD_RUNPATH_SEARCH_PATHS = "$(inherited) @executable_path/Frameworks @loader_path/Frameworks";
				PRODUCT_BUNDLE_IDENTIFIER = "com.sample.cold-call-2UITests";
				PRODUCT_NAME = "$(TARGET_NAME)";
				SWIFT_VERSION = 3.0;
				TEST_TARGET_NAME = cold_call_2;
			};
			name = Debug;
		};
		110E37371EC52B7F00314A89 /* Release */ = {
			isa = XCBuildConfiguration;
			buildSettings = {
				ALWAYS_EMBED_SWIFT_STANDARD_LIBRARIES = YES;
				INFOPLIST_FILE = cold_call_2UITests/Info.plist;
				LD_RUNPATH_SEARCH_PATHS = "$(inherited) @executable_path/Frameworks @loader_path/Frameworks";
				PRODUCT_BUNDLE_IDENTIFIER = "com.sample.cold-call-2UITests";
				PRODUCT_NAME = "$(TARGET_NAME)";
				SWIFT_VERSION = 3.0;
				TEST_TARGET_NAME = cold_call_2;
			};
			name = Release;
		};
/* End XCBuildConfiguration section */

/* Begin XCConfigurationList section */
		110E37021EC52B7E00314A89 /* Build configuration list for PBXProject "cold_call_2" */ = {
			isa = XCConfigurationList;
			buildConfigurations = (
				110E372D1EC52B7F00314A89 /* Debug */,
				110E372E1EC52B7F00314A89 /* Release */,
			);
			defaultConfigurationIsVisible = 0;
			defaultConfigurationName = Release;
		};
		110E372F1EC52B7F00314A89 /* Build configuration list for PBXNativeTarget "cold_call_2" */ = {
			isa = XCConfigurationList;
			buildConfigurations = (
				110E37301EC52B7F00314A89 /* Debug */,
				110E37311EC52B7F00314A89 /* Release */,
			);
			defaultConfigurationIsVisible = 0;
		};
		110E37321EC52B7F00314A89 /* Build configuration list for PBXNativeTarget "cold_call_2Tests" */ = {
			isa = XCConfigurationList;
			buildConfigurations = (
				110E37331EC52B7F00314A89 /* Debug */,
				110E37341EC52B7F00314A89 /* Release */,
			);
			defaultConfigurationIsVisible = 0;
		};
		110E37351EC52B7F00314A89 /* Build configuration list for PBXNativeTarget "cold_call_2UITests" */ = {
			isa = XCConfigurationList;
			buildConfigurations = (
				110E37361EC52B7F00314A89 /* Debug */,
				110E37371EC52B7F00314A89 /* Release */,
			);
			defaultConfigurationIsVisible = 0;
		};
/* End XCConfigurationList section */
	};
	rootObject = 110E36FF1EC52B7E00314A89 /* Project object */;
}
